// !$*UTF8*$!
{
	archiveVersion = 1;
	classes = {
	};
	objectVersion = 46;
	objects = {

/* Begin PBXBuildFile section */
		3A6ABDB81B64F492009FD7BE /* AppDelegate.swift in Sources */ = {isa = PBXBuildFile; fileRef = 3A6ABDB71B64F492009FD7BE /* AppDelegate.swift */; };
		3A6ABDBA1B64F492009FD7BE /* ViewController.swift in Sources */ = {isa = PBXBuildFile; fileRef = 3A6ABDB91B64F492009FD7BE /* ViewController.swift */; };
		3A6ABDBD1B64F492009FD7BE /* Main.storyboard in Resources */ = {isa = PBXBuildFile; fileRef = 3A6ABDBB1B64F492009FD7BE /* Main.storyboard */; };
		3A6ABDBF1B64F492009FD7BE /* Assets.xcassets in Resources */ = {isa = PBXBuildFile; fileRef = 3A6ABDBE1B64F492009FD7BE /* Assets.xcassets */; };
		3A6ABDCD1B64F492009FD7BE /* Kwik_ShopTests.swift in Sources */ = {isa = PBXBuildFile; fileRef = 3A6ABDCC1B64F492009FD7BE /* Kwik_ShopTests.swift */; };
		3A790C0E1B6BD1E6003F11A2 /* Launch Screen.xib in Resources */ = {isa = PBXBuildFile; fileRef = 3A790C0D1B6BD1E6003F11A2 /* Launch Screen.xib */; };
		3ADA6FD11B663237000B5396 /* ShoppingList.swift in Sources */ = {isa = PBXBuildFile; fileRef = 3ADA6FD01B663237000B5396 /* ShoppingList.swift */; };
		3ADA6FD41B663498000B5396 /* Item.swift in Sources */ = {isa = PBXBuildFile; fileRef = 3ADA6FD31B663498000B5396 /* Item.swift */; };
		3ADCB0171B68D89B00BA963C /* ItemDetailsController.swift in Sources */ = {isa = PBXBuildFile; fileRef = 3ADCB0161B68D89B00BA963C /* ItemDetailsController.swift */; };
		3ADD08571B6BF35D0060D2AC /* Group.swift in Sources */ = {isa = PBXBuildFile; fileRef = 3ADD08561B6BF35D0060D2AC /* Group.swift */; };
		3ADD08591B6BF3C70060D2AC /* Unit.swift in Sources */ = {isa = PBXBuildFile; fileRef = 3ADD08581B6BF3C70060D2AC /* Unit.swift */; };
		3ADE96921B6D358D007E7DE4 /* GroupDelegate.swift in Sources */ = {isa = PBXBuildFile; fileRef = 3ADE96911B6D358D007E7DE4 /* GroupDelegate.swift */; };
		3AE594DB1B6F9E34007A52DA /* Colors.plist in Resources */ = {isa = PBXBuildFile; fileRef = 3AE594DA1B6F9E34007A52DA /* Colors.plist */; };
		3AE594DE1B6FAE53007A52DA /* UIColorExtension.swift in Sources */ = {isa = PBXBuildFile; fileRef = 3AE594DD1B6FAE53007A52DA /* UIColorExtension.swift */; };
		3AE594E21B6FDAA9007A52DA /* Localizable.strings in Resources */ = {isa = PBXBuildFile; fileRef = 3AE594E41B6FDAA9007A52DA /* Localizable.strings */; };
		3AE594E71B6FDC0D007A52DA /* StringLocalizationExtension.swift in Sources */ = {isa = PBXBuildFile; fileRef = 3AE594E61B6FDC0D007A52DA /* StringLocalizationExtension.swift */; };
		3AE90B6A1B6E714600470729 /* UnitDelegate.swift in Sources */ = {isa = PBXBuildFile; fileRef = 3AE90B691B6E714600470729 /* UnitDelegate.swift */; };
/* End PBXBuildFile section */

/* Begin PBXContainerItemProxy section */
		3A6ABDC91B64F492009FD7BE /* PBXContainerItemProxy */ = {
			isa = PBXContainerItemProxy;
			containerPortal = 3A6ABDAC1B64F492009FD7BE /* Project object */;
			proxyType = 1;
			remoteGlobalIDString = 3A6ABDB31B64F492009FD7BE;
			remoteInfo = "Kwik Shop";
		};
/* End PBXContainerItemProxy section */

/* Begin PBXFileReference section */
		3A6ABDB41B64F492009FD7BE /* Kwik Shop.app */ = {isa = PBXFileReference; explicitFileType = wrapper.application; includeInIndex = 0; path = "Kwik Shop.app"; sourceTree = BUILT_PRODUCTS_DIR; };
		3A6ABDB71B64F492009FD7BE /* AppDelegate.swift */ = {isa = PBXFileReference; lastKnownFileType = sourcecode.swift; path = AppDelegate.swift; sourceTree = "<group>"; };
		3A6ABDB91B64F492009FD7BE /* ViewController.swift */ = {isa = PBXFileReference; lastKnownFileType = sourcecode.swift; path = ViewController.swift; sourceTree = "<group>"; };
		3A6ABDBC1B64F492009FD7BE /* Base */ = {isa = PBXFileReference; lastKnownFileType = file.storyboard; name = Base; path = Base.lproj/Main.storyboard; sourceTree = "<group>"; };
		3A6ABDBE1B64F492009FD7BE /* Assets.xcassets */ = {isa = PBXFileReference; lastKnownFileType = folder.assetcatalog; path = Assets.xcassets; sourceTree = "<group>"; };
		3A6ABDC31B64F492009FD7BE /* Info.plist */ = {isa = PBXFileReference; lastKnownFileType = text.plist.xml; path = Info.plist; sourceTree = "<group>"; };
		3A6ABDC81B64F492009FD7BE /* Kwik ShopTests.xctest */ = {isa = PBXFileReference; explicitFileType = wrapper.cfbundle; includeInIndex = 0; path = "Kwik ShopTests.xctest"; sourceTree = BUILT_PRODUCTS_DIR; };
		3A6ABDCC1B64F492009FD7BE /* Kwik_ShopTests.swift */ = {isa = PBXFileReference; lastKnownFileType = sourcecode.swift; path = Kwik_ShopTests.swift; sourceTree = "<group>"; };
		3A6ABDCE1B64F492009FD7BE /* Info.plist */ = {isa = PBXFileReference; lastKnownFileType = text.plist.xml; path = Info.plist; sourceTree = "<group>"; };
		3A790C0D1B6BD1E6003F11A2 /* Launch Screen.xib */ = {isa = PBXFileReference; fileEncoding = 4; lastKnownFileType = file.xib; path = "Launch Screen.xib"; sourceTree = "<group>"; };
		3ADA6FD01B663237000B5396 /* ShoppingList.swift */ = {isa = PBXFileReference; fileEncoding = 4; lastKnownFileType = sourcecode.swift; path = ShoppingList.swift; sourceTree = "<group>"; };
		3ADA6FD31B663498000B5396 /* Item.swift */ = {isa = PBXFileReference; fileEncoding = 4; lastKnownFileType = sourcecode.swift; path = Item.swift; sourceTree = "<group>"; };
		3ADCB0161B68D89B00BA963C /* ItemDetailsController.swift */ = {isa = PBXFileReference; fileEncoding = 4; lastKnownFileType = sourcecode.swift; path = ItemDetailsController.swift; sourceTree = "<group>"; };
		3ADD08561B6BF35D0060D2AC /* Group.swift */ = {isa = PBXFileReference; fileEncoding = 4; lastKnownFileType = sourcecode.swift; path = Group.swift; sourceTree = "<group>"; };
		3ADD08581B6BF3C70060D2AC /* Unit.swift */ = {isa = PBXFileReference; fileEncoding = 4; lastKnownFileType = sourcecode.swift; path = Unit.swift; sourceTree = "<group>"; };
		3ADE96901B6CE8B9007E7DE4 /* de */ = {isa = PBXFileReference; lastKnownFileType = text.plist.strings; name = de; path = de.lproj/Main.strings; sourceTree = "<group>"; };
		3ADE96911B6D358D007E7DE4 /* GroupDelegate.swift */ = {isa = PBXFileReference; fileEncoding = 4; lastKnownFileType = sourcecode.swift; path = GroupDelegate.swift; sourceTree = "<group>"; };
		3AE594DA1B6F9E34007A52DA /* Colors.plist */ = {isa = PBXFileReference; fileEncoding = 4; lastKnownFileType = text.plist.xml; path = Colors.plist; sourceTree = "<group>"; };
		3AE594DD1B6FAE53007A52DA /* UIColorExtension.swift */ = {isa = PBXFileReference; fileEncoding = 4; lastKnownFileType = sourcecode.swift; path = UIColorExtension.swift; sourceTree = "<group>"; };
		3AE594E31B6FDAA9007A52DA /* de */ = {isa = PBXFileReference; lastKnownFileType = text.plist.strings; name = de; path = de.lproj/Localizable.strings; sourceTree = "<group>"; };
		3AE594E51B6FDAAE007A52DA /* en */ = {isa = PBXFileReference; lastKnownFileType = text.plist.strings; name = en; path = en.lproj/Localizable.strings; sourceTree = "<group>"; };
		3AE594E61B6FDC0D007A52DA /* StringLocalizationExtension.swift */ = {isa = PBXFileReference; fileEncoding = 4; lastKnownFileType = sourcecode.swift; path = StringLocalizationExtension.swift; sourceTree = "<group>"; };
		3AE90B691B6E714600470729 /* UnitDelegate.swift */ = {isa = PBXFileReference; fileEncoding = 4; lastKnownFileType = sourcecode.swift; path = UnitDelegate.swift; sourceTree = "<group>"; };
/* End PBXFileReference section */

/* Begin PBXFrameworksBuildPhase section */
		3A6ABDB11B64F492009FD7BE /* Frameworks */ = {
			isa = PBXFrameworksBuildPhase;
			buildActionMask = 2147483647;
			files = (
			);
			runOnlyForDeploymentPostprocessing = 0;
		};
		3A6ABDC51B64F492009FD7BE /* Frameworks */ = {
			isa = PBXFrameworksBuildPhase;
			buildActionMask = 2147483647;
			files = (
			);
			runOnlyForDeploymentPostprocessing = 0;
		};
/* End PBXFrameworksBuildPhase section */

/* Begin PBXGroup section */
		3A6ABDAB1B64F492009FD7BE = {
			isa = PBXGroup;
			children = (
				3A6ABDB61B64F492009FD7BE /* Kwik Shop */,
				3A6ABDCB1B64F492009FD7BE /* Kwik ShopTests */,
				3A6ABDB51B64F492009FD7BE /* Products */,
			);
			sourceTree = "<group>";
		};
		3A6ABDB51B64F492009FD7BE /* Products */ = {
			isa = PBXGroup;
			children = (
				3A6ABDB41B64F492009FD7BE /* Kwik Shop.app */,
				3A6ABDC81B64F492009FD7BE /* Kwik ShopTests.xctest */,
			);
			name = Products;
			sourceTree = "<group>";
		};
		3A6ABDB61B64F492009FD7BE /* Kwik Shop */ = {
			isa = PBXGroup;
			children = (
				3A6ABDB71B64F492009FD7BE /* AppDelegate.swift */,
				3A6ABDB91B64F492009FD7BE /* ViewController.swift */,
				3ADCB0161B68D89B00BA963C /* ItemDetailsController.swift */,
				3AE594DF1B6FAE58007A52DA /* Extensions */,
				3A6ABDBB1B64F492009FD7BE /* Main.storyboard */,
				3A6ABDBE1B64F492009FD7BE /* Assets.xcassets */,
				3A6ABDC31B64F492009FD7BE /* Info.plist */,
				3ADA6FD21B663256000B5396 /* Model */,
				3A790C0D1B6BD1E6003F11A2 /* Launch Screen.xib */,
				3ADE96911B6D358D007E7DE4 /* GroupDelegate.swift */,
				3AE90B691B6E714600470729 /* UnitDelegate.swift */,
				3AE594DC1B6F9ED1007A52DA /* Resources */,
			);
			path = "Kwik Shop";
			sourceTree = "<group>";
		};
		3A6ABDCB1B64F492009FD7BE /* Kwik ShopTests */ = {
			isa = PBXGroup;
			children = (
				3A6ABDCC1B64F492009FD7BE /* Kwik_ShopTests.swift */,
				3A6ABDCE1B64F492009FD7BE /* Info.plist */,
			);
			path = "Kwik ShopTests";
			sourceTree = "<group>";
		};
		3ADA6FD21B663256000B5396 /* Model */ = {
			isa = PBXGroup;
			children = (
				3ADA6FD01B663237000B5396 /* ShoppingList.swift */,
				3ADA6FD31B663498000B5396 /* Item.swift */,
				3ADD08561B6BF35D0060D2AC /* Group.swift */,
				3ADD08581B6BF3C70060D2AC /* Unit.swift */,
			);
			name = Model;
			sourceTree = "<group>";
		};
		3AE594DC1B6F9ED1007A52DA /* Resources */ = {
			isa = PBXGroup;
			children = (
				3AE594DA1B6F9E34007A52DA /* Colors.plist */,
				3AE594E41B6FDAA9007A52DA /* Localizable.strings */,
			);
			name = Resources;
			sourceTree = "<group>";
		};
		3AE594DF1B6FAE58007A52DA /* Extensions */ = {
			isa = PBXGroup;
			children = (
				3AE594DD1B6FAE53007A52DA /* UIColorExtension.swift */,
				3AE594E61B6FDC0D007A52DA /* StringLocalizationExtension.swift */,
			);
			name = Extensions;
			sourceTree = "<group>";
		};
/* End PBXGroup section */

/* Begin PBXNativeTarget section */
		3A6ABDB31B64F492009FD7BE /* Kwik Shop */ = {
			isa = PBXNativeTarget;
			buildConfigurationList = 3A6ABDD11B64F492009FD7BE /* Build configuration list for PBXNativeTarget "Kwik Shop" */;
			buildPhases = (
				3A6ABDB01B64F492009FD7BE /* Sources */,
				3A6ABDB11B64F492009FD7BE /* Frameworks */,
				3A6ABDB21B64F492009FD7BE /* Resources */,
			);
			buildRules = (
			);
			dependencies = (
			);
			name = "Kwik Shop";
			productName = "Kwik Shop";
			productReference = 3A6ABDB41B64F492009FD7BE /* Kwik Shop.app */;
			productType = "com.apple.product-type.application";
		};
		3A6ABDC71B64F492009FD7BE /* Kwik ShopTests */ = {
			isa = PBXNativeTarget;
			buildConfigurationList = 3A6ABDD41B64F492009FD7BE /* Build configuration list for PBXNativeTarget "Kwik ShopTests" */;
			buildPhases = (
				3A6ABDC41B64F492009FD7BE /* Sources */,
				3A6ABDC51B64F492009FD7BE /* Frameworks */,
				3A6ABDC61B64F492009FD7BE /* Resources */,
			);
			buildRules = (
			);
			dependencies = (
				3A6ABDCA1B64F492009FD7BE /* PBXTargetDependency */,
			);
			name = "Kwik ShopTests";
			productName = "Kwik ShopTests";
			productReference = 3A6ABDC81B64F492009FD7BE /* Kwik ShopTests.xctest */;
			productType = "com.apple.product-type.bundle.unit-test";
		};
/* End PBXNativeTarget section */

/* Begin PBXProject section */
		3A6ABDAC1B64F492009FD7BE /* Project object */ = {
			isa = PBXProject;
			attributes = {
				LastUpgradeCheck = 0700;
				ORGANIZATIONNAME = "FAU-Inf2";
				TargetAttributes = {
					3A6ABDB31B64F492009FD7BE = {
						CreatedOnToolsVersion = 7.0;
					};
					3A6ABDC71B64F492009FD7BE = {
						CreatedOnToolsVersion = 7.0;
						TestTargetID = 3A6ABDB31B64F492009FD7BE;
					};
				};
			};
			buildConfigurationList = 3A6ABDAF1B64F492009FD7BE /* Build configuration list for PBXProject "Kwik Shop" */;
			compatibilityVersion = "Xcode 3.2";
			developmentRegion = English;
			hasScannedForEncodings = 0;
			knownRegions = (
				en,
				Base,
			);
			mainGroup = 3A6ABDAB1B64F492009FD7BE;
			productRefGroup = 3A6ABDB51B64F492009FD7BE /* Products */;
			projectDirPath = "";
			projectRoot = "";
			targets = (
				3A6ABDB31B64F492009FD7BE /* Kwik Shop */,
				3A6ABDC71B64F492009FD7BE /* Kwik ShopTests */,
			);
		};
/* End PBXProject section */

/* Begin PBXResourcesBuildPhase section */
		3A6ABDB21B64F492009FD7BE /* Resources */ = {
			isa = PBXResourcesBuildPhase;
			buildActionMask = 2147483647;
			files = (
				3AE594E21B6FDAA9007A52DA /* Localizable.strings in Resources */,
				3AE594DB1B6F9E34007A52DA /* Colors.plist in Resources */,
				3A6ABDBF1B64F492009FD7BE /* Assets.xcassets in Resources */,
				3A6ABDBD1B64F492009FD7BE /* Main.storyboard in Resources */,
				3A790C0E1B6BD1E6003F11A2 /* Launch Screen.xib in Resources */,
			);
			runOnlyForDeploymentPostprocessing = 0;
		};
		3A6ABDC61B64F492009FD7BE /* Resources */ = {
			isa = PBXResourcesBuildPhase;
			buildActionMask = 2147483647;
			files = (
			);
			runOnlyForDeploymentPostprocessing = 0;
		};
/* End PBXResourcesBuildPhase section */

/* Begin PBXSourcesBuildPhase section */
		3A6ABDB01B64F492009FD7BE /* Sources */ = {
			isa = PBXSourcesBuildPhase;
			buildActionMask = 2147483647;
			files = (
				3ADA6FD41B663498000B5396 /* Item.swift in Sources */,
				3A6ABDBA1B64F492009FD7BE /* ViewController.swift in Sources */,
				3AE594DE1B6FAE53007A52DA /* UIColorExtension.swift in Sources */,
				3ADA6FD11B663237000B5396 /* ShoppingList.swift in Sources */,
				3AE594E71B6FDC0D007A52DA /* StringLocalizationExtension.swift in Sources */,
				3ADD08591B6BF3C70060D2AC /* Unit.swift in Sources */,
				3AE90B6A1B6E714600470729 /* UnitDelegate.swift in Sources */,
				3ADD08571B6BF35D0060D2AC /* Group.swift in Sources */,
				3A6ABDB81B64F492009FD7BE /* AppDelegate.swift in Sources */,
				3ADE96921B6D358D007E7DE4 /* GroupDelegate.swift in Sources */,
				3ADCB0171B68D89B00BA963C /* ItemDetailsController.swift in Sources */,
			);
			runOnlyForDeploymentPostprocessing = 0;
		};
		3A6ABDC41B64F492009FD7BE /* Sources */ = {
			isa = PBXSourcesBuildPhase;
			buildActionMask = 2147483647;
			files = (
				3A6ABDCD1B64F492009FD7BE /* Kwik_ShopTests.swift in Sources */,
			);
			runOnlyForDeploymentPostprocessing = 0;
		};
/* End PBXSourcesBuildPhase section */

/* Begin PBXTargetDependency section */
		3A6ABDCA1B64F492009FD7BE /* PBXTargetDependency */ = {
			isa = PBXTargetDependency;
			target = 3A6ABDB31B64F492009FD7BE /* Kwik Shop */;
			targetProxy = 3A6ABDC91B64F492009FD7BE /* PBXContainerItemProxy */;
		};
/* End PBXTargetDependency section */

/* Begin PBXVariantGroup section */
		3A6ABDBB1B64F492009FD7BE /* Main.storyboard */ = {
			isa = PBXVariantGroup;
			children = (
				3A6ABDBC1B64F492009FD7BE /* Base */,
				3ADE96901B6CE8B9007E7DE4 /* de */,
			);
			name = Main.storyboard;
			sourceTree = "<group>";
		};
		3AE594E41B6FDAA9007A52DA /* Localizable.strings */ = {
			isa = PBXVariantGroup;
			children = (
				3AE594E31B6FDAA9007A52DA /* de */,
				3AE594E51B6FDAAE007A52DA /* en */,
			);
			name = Localizable.strings;
			sourceTree = "<group>";
		};
/* End PBXVariantGroup section */

/* Begin XCBuildConfiguration section */
		3A6ABDCF1B64F492009FD7BE /* Debug */ = {
			isa = XCBuildConfiguration;
			buildSettings = {
				ALWAYS_SEARCH_USER_PATHS = NO;
				CLANG_CXX_LANGUAGE_STANDARD = "gnu++0x";
				CLANG_CXX_LIBRARY = "libc++";
				CLANG_ENABLE_MODULES = YES;
				CLANG_ENABLE_OBJC_ARC = YES;
				CLANG_WARN_BOOL_CONVERSION = YES;
				CLANG_WARN_CONSTANT_CONVERSION = YES;
				CLANG_WARN_DIRECT_OBJC_ISA_USAGE = YES_ERROR;
				CLANG_WARN_EMPTY_BODY = YES;
				CLANG_WARN_ENUM_CONVERSION = YES;
				CLANG_WARN_INT_CONVERSION = YES;
				CLANG_WARN_OBJC_ROOT_CLASS = YES_ERROR;
				CLANG_WARN_UNREACHABLE_CODE = YES;
				CLANG_WARN__DUPLICATE_METHOD_MATCH = YES;
				"CODE_SIGN_IDENTITY[sdk=iphoneos*]" = "iPhone Developer";
				COPY_PHASE_STRIP = NO;
				DEBUG_INFORMATION_FORMAT = dwarf;
				ENABLE_STRICT_OBJC_MSGSEND = YES;
				ENABLE_TESTABILITY = YES;
				GCC_C_LANGUAGE_STANDARD = gnu99;
				GCC_DYNAMIC_NO_PIC = NO;
				GCC_NO_COMMON_BLOCKS = YES;
				GCC_OPTIMIZATION_LEVEL = 0;
				GCC_PREPROCESSOR_DEFINITIONS = (
					"DEBUG=1",
					"$(inherited)",
				);
				GCC_WARN_64_TO_32_BIT_CONVERSION = YES;
				GCC_WARN_ABOUT_RETURN_TYPE = YES_ERROR;
				GCC_WARN_UNDECLARED_SELECTOR = YES;
				GCC_WARN_UNINITIALIZED_AUTOS = YES_AGGRESSIVE;
				GCC_WARN_UNUSED_FUNCTION = YES;
				GCC_WARN_UNUSED_VARIABLE = YES;
				IPHONEOS_DEPLOYMENT_TARGET = 8.0;
				MTL_ENABLE_DEBUG_INFO = YES;
				ONLY_ACTIVE_ARCH = YES;
				SDKROOT = iphoneos;
				SWIFT_OPTIMIZATION_LEVEL = "-Onone";
				TARGETED_DEVICE_FAMILY = "1,2";
			};
			name = Debug;
		};
		3A6ABDD01B64F492009FD7BE /* Release */ = {
			isa = XCBuildConfiguration;
			buildSettings = {
				ALWAYS_SEARCH_USER_PATHS = NO;
				CLANG_CXX_LANGUAGE_STANDARD = "gnu++0x";
				CLANG_CXX_LIBRARY = "libc++";
				CLANG_ENABLE_MODULES = YES;
				CLANG_ENABLE_OBJC_ARC = YES;
				CLANG_WARN_BOOL_CONVERSION = YES;
				CLANG_WARN_CONSTANT_CONVERSION = YES;
				CLANG_WARN_DIRECT_OBJC_ISA_USAGE = YES_ERROR;
				CLANG_WARN_EMPTY_BODY = YES;
				CLANG_WARN_ENUM_CONVERSION = YES;
				CLANG_WARN_INT_CONVERSION = YES;
				CLANG_WARN_OBJC_ROOT_CLASS = YES_ERROR;
				CLANG_WARN_UNREACHABLE_CODE = YES;
				CLANG_WARN__DUPLICATE_METHOD_MATCH = YES;
				"CODE_SIGN_IDENTITY[sdk=iphoneos*]" = "iPhone Developer";
				COPY_PHASE_STRIP = NO;
				DEBUG_INFORMATION_FORMAT = "dwarf-with-dsym";
				ENABLE_NS_ASSERTIONS = NO;
				ENABLE_STRICT_OBJC_MSGSEND = YES;
				GCC_C_LANGUAGE_STANDARD = gnu99;
				GCC_NO_COMMON_BLOCKS = YES;
				GCC_WARN_64_TO_32_BIT_CONVERSION = YES;
				GCC_WARN_ABOUT_RETURN_TYPE = YES_ERROR;
				GCC_WARN_UNDECLARED_SELECTOR = YES;
				GCC_WARN_UNINITIALIZED_AUTOS = YES_AGGRESSIVE;
				GCC_WARN_UNUSED_FUNCTION = YES;
				GCC_WARN_UNUSED_VARIABLE = YES;
				IPHONEOS_DEPLOYMENT_TARGET = 8.0;
				MTL_ENABLE_DEBUG_INFO = NO;
				SDKROOT = iphoneos;
				TARGETED_DEVICE_FAMILY = "1,2";
				VALIDATE_PRODUCT = YES;
			};
			name = Release;
		};
		3A6ABDD21B64F492009FD7BE /* Debug */ = {
			isa = XCBuildConfiguration;
			buildSettings = {
				ASSETCATALOG_COMPILER_APPICON_NAME = AppIcon;
				INFOPLIST_FILE = "Kwik Shop/Info.plist";
				LD_RUNPATH_SEARCH_PATHS = "$(inherited) @executable_path/Frameworks";
				PRODUCT_BUNDLE_IDENTIFIER = "de.fau.cs.mad.Kwik-Shop";
				PRODUCT_NAME = "$(TARGET_NAME)";
			};
			name = Debug;
		};
		3A6ABDD31B64F492009FD7BE /* Release */ = {
			isa = XCBuildConfiguration;
			buildSettings = {
				ASSETCATALOG_COMPILER_APPICON_NAME = AppIcon;
				INFOPLIST_FILE = "Kwik Shop/Info.plist";
				LD_RUNPATH_SEARCH_PATHS = "$(inherited) @executable_path/Frameworks";
				PRODUCT_BUNDLE_IDENTIFIER = "de.fau.cs.mad.Kwik-Shop";
				PRODUCT_NAME = "$(TARGET_NAME)";
			};
			name = Release;
		};
		3A6ABDD51B64F492009FD7BE /* Debug */ = {
			isa = XCBuildConfiguration;
			buildSettings = {
				BUNDLE_LOADER = "$(TEST_HOST)";
				INFOPLIST_FILE = "Kwik ShopTests/Info.plist";
				LD_RUNPATH_SEARCH_PATHS = "$(inherited) @executable_path/Frameworks @loader_path/Frameworks";
				PRODUCT_BUNDLE_IDENTIFIER = "de.fau.cs.mad.Kwik-ShopTests";
				PRODUCT_NAME = "$(TARGET_NAME)";
				TEST_HOST = "$(BUILT_PRODUCTS_DIR)/Kwik Shop.app/Kwik Shop";
			};
			name = Debug;
		};
		3A6ABDD61B64F492009FD7BE /* Release */ = {
			isa = XCBuildConfiguration;
			buildSettings = {
				BUNDLE_LOADER = "$(TEST_HOST)";
				INFOPLIST_FILE = "Kwik ShopTests/Info.plist";
				LD_RUNPATH_SEARCH_PATHS = "$(inherited) @executable_path/Frameworks @loader_path/Frameworks";
				PRODUCT_BUNDLE_IDENTIFIER = "de.fau.cs.mad.Kwik-ShopTests";
				PRODUCT_NAME = "$(TARGET_NAME)";
				TEST_HOST = "$(BUILT_PRODUCTS_DIR)/Kwik Shop.app/Kwik Shop";
			};
			name = Release;
		};
/* End XCBuildConfiguration section */

/* Begin XCConfigurationList section */
		3A6ABDAF1B64F492009FD7BE /* Build configuration list for PBXProject "Kwik Shop" */ = {
			isa = XCConfigurationList;
			buildConfigurations = (
				3A6ABDCF1B64F492009FD7BE /* Debug */,
				3A6ABDD01B64F492009FD7BE /* Release */,
			);
			defaultConfigurationIsVisible = 0;
			defaultConfigurationName = Release;
		};
		3A6ABDD11B64F492009FD7BE /* Build configuration list for PBXNativeTarget "Kwik Shop" */ = {
			isa = XCConfigurationList;
			buildConfigurations = (
				3A6ABDD21B64F492009FD7BE /* Debug */,
				3A6ABDD31B64F492009FD7BE /* Release */,
			);
			defaultConfigurationIsVisible = 0;
			defaultConfigurationName = Release;
		};
		3A6ABDD41B64F492009FD7BE /* Build configuration list for PBXNativeTarget "Kwik ShopTests" */ = {
			isa = XCConfigurationList;
			buildConfigurations = (
				3A6ABDD51B64F492009FD7BE /* Debug */,
				3A6ABDD61B64F492009FD7BE /* Release */,
			);
			defaultConfigurationIsVisible = 0;
			defaultConfigurationName = Release;
		};
/* End XCConfigurationList section */
	};
	rootObject = 3A6ABDAC1B64F492009FD7BE /* Project object */;
}
